
Microsoft Visual Studio Solution File, Format Version 12.00
# Visual Studio Version 18
VisualStudioVersion = 18.3.11520.95 d18.3
MinimumVisualStudioVersion = 10.0.40219.1
Project("{FAE04EC0-301F-11D3-BF4B-00C04F79EFBC}") = "LinqConsoleLab.PL", "LinqConsoleLab.PL.csproj", "{A435BC0F-3C7D-783C-E570-B3EEF1FA8BF2}"
EndProject
Global
	GlobalSection(SolutionConfigurationPlatforms) = preSolution
		Debug|Any CPU = Debug|Any CPU
		Release|Any CPU = Release|Any CPU
	EndGlobalSection
	GlobalSection(ProjectConfigurationPlatforms) = postSolution
		{A435BC0F-3C7D-783C-E570-B3EEF1FA8BF2}.Debug|Any CPU.ActiveCfg = Debug|Any CPU
		{A435BC0F-3C7D-783C-E570-B3EEF1FA8BF2}.Debug|Any CPU.Build.0 = Debug|Any CPU
		{A435BC0F-3C7D-783C-E570-B3EEF1FA8BF2}.Release|Any CPU.ActiveCfg = Release|Any CPU
		{A435BC0F-3C7D-783C-E570-B3EEF1FA8BF2}.Release|Any CPU.Build.0 = Release|Any CPU
	EndGlobalSection
	GlobalSection(SolutionProperties) = preSolution
		HideSolutionNode = FALSE
	EndGlobalSection
	GlobalSection(ExtensibilityGlobals) = postSolution
		SolutionGuid = {FDB3D57C-E19E-40D8-9E4C-717D9EFF8488}
	EndGlobalSection
EndGlobal
